
Microsoft Visual Studio Solution File, Format Version 12.00
# Visual Studio 15
VisualStudioVersion = 15.0.28307.960
MinimumVisualStudioVersion = 10.0.40219.1
Project("{FAE04EC0-301F-11D3-BF4B-00C04F79EFBC}") = "Granolandia", "Granolandia\Granolandia.csproj", "{DFFF07E5-D372-4C20-83DE-1E6EAA793A80}"
EndProject
Project("{FAE04EC0-301F-11D3-BF4B-00C04F79EFBC}") = "Granolandia.data", "Granolandia.data\Granolandia.data.csproj", "{0404BC65-B63C-4DE9-9F93-744E8278FB61}"
EndProject
Project("{FAE04EC0-301F-11D3-BF4B-00C04F79EFBC}") = "Granolandia.Core", "Granolandia.Core\Granolandia.Core.csproj", "{28EC9A16-0881-413C-8DF6-D2C4DA54CC8A}"
EndProject
Global
	GlobalSection(SolutionConfigurationPlatforms) = preSolution
		Debug|Any CPU = Debug|Any CPU
		Release|Any CPU = Release|Any CPU
	EndGlobalSection
	GlobalSection(ProjectConfigurationPlatforms) = postSolution
		{DFFF07E5-D372-4C20-83DE-1E6EAA793A80}.Debug|Any CPU.ActiveCfg = Debug|Any CPU
		{DFFF07E5-D372-4C20-83DE-1E6EAA793A80}.Debug|Any CPU.Build.0 = Debug|Any CPU
		{DFFF07E5-D372-4C20-83DE-1E6EAA793A80}.Release|Any CPU.ActiveCfg = Release|Any CPU
		{DFFF07E5-D372-4C20-83DE-1E6EAA793A80}.Release|Any CPU.Build.0 = Release|Any CPU
		{0404BC65-B63C-4DE9-9F93-744E8278FB61}.Debug|Any CPU.ActiveCfg = Debug|Any CPU
		{0404BC65-B63C-4DE9-9F93-744E8278FB61}.Debug|Any CPU.Build.0 = Debug|Any CPU
		{0404BC65-B63C-4DE9-9F93-744E8278FB61}.Release|Any CPU.ActiveCfg = Release|Any CPU
		{0404BC65-B63C-4DE9-9F93-744E8278FB61}.Release|Any CPU.Build.0 = Release|Any CPU
		{28EC9A16-0881-413C-8DF6-D2C4DA54CC8A}.Debug|Any CPU.ActiveCfg = Debug|Any CPU
		{28EC9A16-0881-413C-8DF6-D2C4DA54CC8A}.Debug|Any CPU.Build.0 = Debug|Any CPU
		{28EC9A16-0881-413C-8DF6-D2C4DA54CC8A}.Release|Any CPU.ActiveCfg = Release|Any CPU
		{28EC9A16-0881-413C-8DF6-D2C4DA54CC8A}.Release|Any CPU.Build.0 = Release|Any CPU
	EndGlobalSection
	GlobalSection(SolutionProperties) = preSolution
		HideSolutionNode = FALSE
	EndGlobalSection
	GlobalSection(ExtensibilityGlobals) = postSolution
		SolutionGuid = {0C8501CB-5350-4811-96FB-4CC4B1F8A8EE}
	EndGlobalSection
EndGlobal
